
Microsoft Visual Studio Solution File, Format Version 12.00
# Visual Studio Version 17
VisualStudioVersion = 17.8.34322.80
MinimumVisualStudioVersion = 10.0.40219.1
Project("{9A19103F-16F7-4668-BE54-9A1E7A4F7556}") = "WebApiToDo", "WebApiToDo\WebApiToDo.csproj", "{8DF636E1-6EFA-4B82-AD3A-48FA5548969E}"
EndProject
Project("{9A19103F-16F7-4668-BE54-9A1E7A4F7556}") = "LMSData", "LMSData\LMSData.csproj", "{DC83F28D-9272-42C3-954F-732568E29357}"
EndProject
Global
	GlobalSection(SolutionConfigurationPlatforms) = preSolution
		Debug|Any CPU = Debug|Any CPU
		Release|Any CPU = Release|Any CPU
	EndGlobalSection
	GlobalSection(ProjectConfigurationPlatforms) = postSolution
		{8DF636E1-6EFA-4B82-AD3A-48FA5548969E}.Debug|Any CPU.ActiveCfg = Debug|Any CPU
		{8DF636E1-6EFA-4B82-AD3A-48FA5548969E}.Debug|Any CPU.Build.0 = Debug|Any CPU
		{8DF636E1-6EFA-4B82-AD3A-48FA5548969E}.Release|Any CPU.ActiveCfg = Release|Any CPU
		{8DF636E1-6EFA-4B82-AD3A-48FA5548969E}.Release|Any CPU.Build.0 = Release|Any CPU
		{DC83F28D-9272-42C3-954F-732568E29357}.Debug|Any CPU.ActiveCfg = Debug|Any CPU
		{DC83F28D-9272-42C3-954F-732568E29357}.Debug|Any CPU.Build.0 = Debug|Any CPU
		{DC83F28D-9272-42C3-954F-732568E29357}.Release|Any CPU.ActiveCfg = Release|Any CPU
		{DC83F28D-9272-42C3-954F-732568E29357}.Release|Any CPU.Build.0 = Release|Any CPU
	EndGlobalSection
	GlobalSection(SolutionProperties) = preSolution
		HideSolutionNode = FALSE
	EndGlobalSection
	GlobalSection(ExtensibilityGlobals) = postSolution
		SolutionGuid = {A5F0A892-0E72-4366-91D6-A182D7AD525A}
	EndGlobalSection
EndGlobal
